
Microsoft Visual Studio Solution File, Format Version 12.00
# Visual Studio 14
VisualStudioVersion = 14.0.25420.1
MinimumVisualStudioVersion = 10.0.40219.1
Project("{2150E333-8FDC-42A3-9474-1A3956D46DE8}") = "src", "src", "{E8080181-0D8A-43EF-9FBC-95BCFF7D1448}"
EndProject
Project("{2150E333-8FDC-42A3-9474-1A3956D46DE8}") = "Solution Items", "Solution Items", "{97980F72-9C8F-4E5D-AC11-DE91138AD8AB}"
	ProjectSection(SolutionItems) = preProject
		global.json = global.json
	EndProjectSection
EndProject
Project("{8BB2217D-0F2D-49D1-97BC-3654ED321F3B}") = "TravelBlog", "src\TravelBlog\TravelBlog.xproj", "{6B67B4C2-6FA3-4A7A-ABED-EEB5088F0C10}"
EndProject
Global
	GlobalSection(SolutionConfigurationPlatforms) = preSolution
		Debug|Any CPU = Debug|Any CPU
		Release|Any CPU = Release|Any CPU
	EndGlobalSection
	GlobalSection(ProjectConfigurationPlatforms) = postSolution
		{6B67B4C2-6FA3-4A7A-ABED-EEB5088F0C10}.Debug|Any CPU.ActiveCfg = Debug|Any CPU
		{6B67B4C2-6FA3-4A7A-ABED-EEB5088F0C10}.Debug|Any CPU.Build.0 = Debug|Any CPU
		{6B67B4C2-6FA3-4A7A-ABED-EEB5088F0C10}.Release|Any CPU.ActiveCfg = Release|Any CPU
		{6B67B4C2-6FA3-4A7A-ABED-EEB5088F0C10}.Release|Any CPU.Build.0 = Release|Any CPU
	EndGlobalSection
	GlobalSection(SolutionProperties) = preSolution
		HideSolutionNode = FALSE
	EndGlobalSection
	GlobalSection(NestedProjects) = preSolution
		{6B67B4C2-6FA3-4A7A-ABED-EEB5088F0C10} = {E8080181-0D8A-43EF-9FBC-95BCFF7D1448}
	EndGlobalSection
EndGlobal
